
Microsoft Visual Studio Solution File, Format Version 12.00
# Visual Studio Version 16
VisualStudioVersion = 16.0.29201.188
MinimumVisualStudioVersion = 10.0.40219.1
Project("{FAE04EC0-301F-11D3-BF4B-00C04F79EFBC}") = "Test", "Test\Test.csproj", "{78761AD4-7419-4283-AC16-A158DC15F13A}"
EndProject
Project("{FAE04EC0-301F-11D3-BF4B-00C04F79EFBC}") = "Test.Dal", "Test.Dal\Test.Dal.csproj", "{3608FE68-772E-42C4-A635-27DF434797C2}"
EndProject
Global
	GlobalSection(SolutionConfigurationPlatforms) = preSolution
		Debug|Any CPU = Debug|Any CPU
		Release|Any CPU = Release|Any CPU
	EndGlobalSection
	GlobalSection(ProjectConfigurationPlatforms) = postSolution
		{78761AD4-7419-4283-AC16-A158DC15F13A}.Debug|Any CPU.ActiveCfg = Debug|Any CPU
		{78761AD4-7419-4283-AC16-A158DC15F13A}.Debug|Any CPU.Build.0 = Debug|Any CPU
		{78761AD4-7419-4283-AC16-A158DC15F13A}.Release|Any CPU.ActiveCfg = Release|Any CPU
		{78761AD4-7419-4283-AC16-A158DC15F13A}.Release|Any CPU.Build.0 = Release|Any CPU
		{3608FE68-772E-42C4-A635-27DF434797C2}.Debug|Any CPU.ActiveCfg = Debug|Any CPU
		{3608FE68-772E-42C4-A635-27DF434797C2}.Debug|Any CPU.Build.0 = Debug|Any CPU
		{3608FE68-772E-42C4-A635-27DF434797C2}.Release|Any CPU.ActiveCfg = Release|Any CPU
		{3608FE68-772E-42C4-A635-27DF434797C2}.Release|Any CPU.Build.0 = Release|Any CPU
	EndGlobalSection
	GlobalSection(SolutionProperties) = preSolution
		HideSolutionNode = FALSE
	EndGlobalSection
	GlobalSection(ExtensibilityGlobals) = postSolution
		SolutionGuid = {1706BED6-AF21-4CD9-9798-848B03C7B369}
	EndGlobalSection
EndGlobal
