
Microsoft Visual Studio Solution File, Format Version 12.00
# Visual Studio Version 16
VisualStudioVersion = 16.0.29201.188
MinimumVisualStudioVersion = 10.0.40219.1
Project("{FAE04EC0-301F-11D3-BF4B-00C04F79EFBC}") = "SQLDB1", "SQLDB1\SQLDB1.csproj", "{4C1FA8B2-86FC-4DE5-9778-08E85D6445C0}"
EndProject
Global
	GlobalSection(SolutionConfigurationPlatforms) = preSolution
		Debug|Any CPU = Debug|Any CPU
		Release|Any CPU = Release|Any CPU
	EndGlobalSection
	GlobalSection(ProjectConfigurationPlatforms) = postSolution
		{4C1FA8B2-86FC-4DE5-9778-08E85D6445C0}.Debug|Any CPU.ActiveCfg = Debug|Any CPU
		{4C1FA8B2-86FC-4DE5-9778-08E85D6445C0}.Debug|Any CPU.Build.0 = Debug|Any CPU
		{4C1FA8B2-86FC-4DE5-9778-08E85D6445C0}.Release|Any CPU.ActiveCfg = Release|Any CPU
		{4C1FA8B2-86FC-4DE5-9778-08E85D6445C0}.Release|Any CPU.Build.0 = Release|Any CPU
	EndGlobalSection
	GlobalSection(SolutionProperties) = preSolution
		HideSolutionNode = FALSE
	EndGlobalSection
	GlobalSection(ExtensibilityGlobals) = postSolution
		SolutionGuid = {D5A4D3CA-B1A7-4AA2-856A-61E9E6B44C4D}
	EndGlobalSection
EndGlobal
